<?xml version="1.0" encoding="utf-8"?>
<Project ToolsVersion="4.0" xmlns="http://schemas.microsoft.com/developer/msbuild/2003">
  <ItemGroup>
    <Filter Include="Source Files">
      <UniqueIdentifier>{4FC737F1-C7A5-4376-A066-2A32D752A2FF}</UniqueIdentifier>
      <Extensions>cpp;c;cc;cxx;c++;cppm;ixx;def;odl;idl;hpj;bat;asm;asmx</Extensions>
    </Filter>
    <Filter Include="Header Files">
      <UniqueIdentifier>{93995380-89BD-4b04-88EB-625FBE52EBFB}</UniqueIdentifier>
      <Extensions>h;hh;hpp;hxx;h++;hm;inl;inc;ipp;xsd</Extensions>
    </Filter>
    <Filter Include="Resource Files">
      <UniqueIdentifier>{67DA6AB6-F800-4c08-8B7A-83BB121AAD01}</UniqueIdentifier>
      <Extensions>rc;ico;cur;bmp;dlg;rc2;rct;bin;rgs;gif;jpg;jpeg;jpe;resx;tiff;tif;png;wav;mfcribbon-ms</Extensions>
    </Filter>
  </ItemGroup>
  <ItemGroup>
    <ClInclude Include="framework.h">
      <Filter>Header Files</Filter>
    </ClInclude>
    <ClInclude Include="targetver.h">
      <Filter>Header Files</Filter>
    </ClInclude>
    <ClInclude Include="Resource.h">
      <Filter>Header Files</Filter>
    </ClInclude>
    <ClInclude Include="atestat.h">
      <Filter>Header Files</Filter>
    </ClInclude>
    <ClInclude Include="baseWindow.h">
      <Filter>Header Files</Filter>
    </ClInclude>
    <ClInclude Include="mainWindow.h">
      <Filter>Header Files</Filter>
    </ClInclude>
    <ClInclude Include="functionListWindow.h">
      <Filter>Header Files</Filter>
    </ClInclude>
    <ClInclude Include="graphContainerWindow.h">
      <Filter>Header Files</Filter>
    </ClInclude>
    <ClInclude Include="d2dHelper.h">
      <Filter>Header Files</Filter>
    </ClInclude>
    <ClInclude Include="mate\camera.h">
      <Filter>Header Files</Filter>
    </ClInclude>
    <ClInclude Include="mate\mate.h">
      <Filter>Header Files</Filter>
    </ClInclude>
    <ClInclude Include="mate\predef_functii.h">
      <Filter>Header Files</Filter>
    </ClInclude>
    <ClInclude Include="mate\token.h">
      <Filter>Header Files</Filter>
    </ClInclude>
  </ItemGroup>
  <ItemGroup>
    <ClCompile Include="atestat.cpp">
      <Filter>Source Files</Filter>
    </ClCompile>
    <ClCompile Include="mainWindow.cpp">
      <Filter>Source Files</Filter>
    </ClCompile>
    <ClCompile Include="functionListWindow.cpp">
      <Filter>Source Files</Filter>
    </ClCompile>
    <ClCompile Include="graphContainerWindow.cpp">
      <Filter>Source Files</Filter>
    </ClCompile>
    <ClCompile Include="mate\camera.cpp">
      <Filter>Source Files</Filter>
    </ClCompile>
    <ClCompile Include="mate\functie.cpp">
      <Filter>Source Files</Filter>
    </ClCompile>
    <ClCompile Include="mate\graficFunctie.cpp">
      <Filter>Source Files</Filter>
    </ClCompile>
    <ClCompile Include="mate\predef_functii.cpp">
      <Filter>Source Files</Filter>
    </ClCompile>
    <ClCompile Include="functionListItem.cpp">
      <Filter>Source Files</Filter>
    </ClCompile>
    <ClCompile Include="d2dHelper.cpp">
      <Filter>Source Files</Filter>
    </ClCompile>
    <ClCompile Include="mate\node.cpp">
      <Filter>Source Files</Filter>
    </ClCompile>
  </ItemGroup>
  <ItemGroup>
    <ResourceCompile Include="atestat.rc">
      <Filter>Resource Files</Filter>
    </ResourceCompile>
  </ItemGroup>
  <ItemGroup>
    <Image Include="small.ico">
      <Filter>Resource Files</Filter>
    </Image>
    <Image Include="atestat.ico">
      <Filter>Resource Files</Filter>
    </Image>
    <Image Include="pipette.png">
      <Filter>Resource Files</Filter>
    </Image>
    <Image Include="show.png">
      <Filter>Resource Files</Filter>
    </Image>
    <Image Include="invertedPipette.png">
      <Filter>Resource Files</Filter>
    </Image>
    <Image Include="invertedShow.png">
      <Filter>Resource Files</Filter>
    </Image>
  </ItemGroup>
</Project>